
Microsoft Visual Studio Solution File, Format Version 12.00
# Visual Studio Version 18
VisualStudioVersion = 18.3.11520.95 d18.3
MinimumVisualStudioVersion = 10.0.40219.1
Project("{FAE04EC0-301F-11D3-BF4B-00C04F79EFBC}") = "RetainerInventoryPrice", "RetainerInventoryPrice\RetainerInventoryPrice.csproj", "{8D5EFF66-8AD6-5ADA-4510-7DBDC6D6268F}"
EndProject
Global
	GlobalSection(SolutionConfigurationPlatforms) = preSolution
		Debug|x64 = Debug|x64
		Release|x64 = Release|x64
	EndGlobalSection
	GlobalSection(ProjectConfigurationPlatforms) = postSolution
		{8D5EFF66-8AD6-5ADA-4510-7DBDC6D6268F}.Debug|x64.ActiveCfg = Debug|x64
		{8D5EFF66-8AD6-5ADA-4510-7DBDC6D6268F}.Debug|x64.Build.0 = Debug|x64
		{8D5EFF66-8AD6-5ADA-4510-7DBDC6D6268F}.Release|x64.ActiveCfg = Release|x64
		{8D5EFF66-8AD6-5ADA-4510-7DBDC6D6268F}.Release|x64.Build.0 = Release|x64
	EndGlobalSection
	GlobalSection(SolutionProperties) = preSolution
		HideSolutionNode = FALSE
	EndGlobalSection
	GlobalSection(ExtensibilityGlobals) = postSolution
		SolutionGuid = {0FA83959-45F6-4DE6-BBDA-3B5CF5D19369}
	EndGlobalSection
EndGlobal
